<?xml version="1.0" encoding="utf-8"?>
<Project ToolsVersion="4.0" xmlns="http://schemas.microsoft.com/developer/msbuild/2003">
  <ItemGroup>
    <Filter Include="Archivos de código fuente">
      <UniqueIdentifier>{4FC737F1-C7A5-4376-A066-2A32D752A2FF}</UniqueIdentifier>
      <Extensions>cpp;c;cc;cxx;def;odl;idl;hpj;bat;asm;asmx</Extensions>
    </Filter>
    <Filter Include="Archivos de encabezado">
      <UniqueIdentifier>{93995380-89BD-4b04-88EB-625FBE52EBFB}</UniqueIdentifier>
      <Extensions>h;hh;hpp;hxx;hm;inl;inc;xsd</Extensions>
    </Filter>
    <Filter Include="Archivos de recursos">
      <UniqueIdentifier>{67DA6AB6-F800-4c08-8B7A-83BB121AAD01}</UniqueIdentifier>
      <Extensions>rc;ico;cur;bmp;dlg;rc2;rct;bin;rgs;gif;jpg;jpeg;jpe;resx;tiff;tif;png;wav;mfcribbon-ms</Extensions>
    </Filter>
    <Filter Include="Stacks">
      <UniqueIdentifier>{b1cb39e3-9930-4599-8793-a201c1e94089}</UniqueIdentifier>
    </Filter>
    <Filter Include="Queue">
      <UniqueIdentifier>{1da0305c-e9a6-4ab1-9b16-aaac4f2adc17}</UniqueIdentifier>
    </Filter>
    <Filter Include="List">
      <UniqueIdentifier>{3ab66215-777a-41c7-bc92-b379cd8bf22b}</UniqueIdentifier>
    </Filter>
    <Filter Include="Comun">
      <UniqueIdentifier>{a47d7fc2-661e-43f2-a621-9fa08eeb223e}</UniqueIdentifier>
    </Filter>
  </ItemGroup>
  <ItemGroup>
    <ClInclude Include="IStack.h">
      <Filter>Stacks</Filter>
    </ClInclude>
    <ClInclude Include="LinkedStack.h">
      <Filter>Stacks</Filter>
    </ClInclude>
    <ClInclude Include="IQueue.h">
      <Filter>Queue</Filter>
    </ClInclude>
    <ClInclude Include="ArrayQueue.h">
      <Filter>Queue</Filter>
    </ClInclude>
    <ClInclude Include="LinkedList.h">
      <Filter>List</Filter>
    </ClInclude>
    <ClInclude Include="IList.h">
      <Filter>List</Filter>
    </ClInclude>
    <ClInclude Include="LinkedQueue.h">
      <Filter>Queue</Filter>
    </ClInclude>
    <ClInclude Include="ArrayStack.h">
      <Filter>Stacks</Filter>
    </ClInclude>
    <ClInclude Include="Node.h">
      <Filter>Comun</Filter>
    </ClInclude>
  </ItemGroup>
  <ItemGroup>
    <ClCompile Include="ExampleWithSTLStack.cpp">
      <Filter>Archivos de código fuente</Filter>
    </ClCompile>
    <ClCompile Include="LinkedStack.cpp">
      <Filter>Stacks</Filter>
    </ClCompile>
    <ClCompile Include="ExampleWithSTLQueue.cpp">
      <Filter>Archivos de código fuente</Filter>
    </ClCompile>
    <ClCompile Include="ArrayQueue.cpp">
      <Filter>Queue</Filter>
    </ClCompile>
    <ClCompile Include="LinkedList.cpp">
      <Filter>List</Filter>
    </ClCompile>
    <ClCompile Include="LinkedQueue.cpp">
      <Filter>Queue</Filter>
    </ClCompile>
    <ClCompile Include="ArrayStack.cpp">
      <Filter>Stacks</Filter>
    </ClCompile>
    <ClCompile Include="Main.cpp">
      <Filter>Archivos de código fuente</Filter>
    </ClCompile>
    <ClCompile Include="SourceList.h">
      <Filter>Archivos de código fuente</Filter>
    </ClCompile>
    <ClCompile Include="SourceQueue.h">
      <Filter>Archivos de código fuente</Filter>
    </ClCompile>
    <ClCompile Include="SourceRecursion.h">
      <Filter>Archivos de código fuente</Filter>
    </ClCompile>
    <ClCompile Include="SourceStack.h">
      <Filter>Archivos de código fuente</Filter>
    </ClCompile>
    <ClCompile Include="Node.cpp">
      <Filter>Comun</Filter>
    </ClCompile>
  </ItemGroup>
</Project>